
Microsoft Visual Studio Solution File, Format Version 12.00
# Visual Studio Version 17
VisualStudioVersion = 17.0.32126.317
MinimumVisualStudioVersion = 10.0.40219.1
Project("{FAE04EC0-301F-11D3-BF4B-00C04F79EFBC}") = "ImplementationTestDotNet", "ImplementationTestDotNet.csproj", "{34FC03C8-ACD6-421E-A2D4-778C4D925C1B}"
EndProject
Global
	GlobalSection(SolutionConfigurationPlatforms) = preSolution
		Debug|Any CPU = Debug|Any CPU
		Release|Any CPU = Release|Any CPU
	EndGlobalSection
	GlobalSection(ProjectConfigurationPlatforms) = postSolution
		{34FC03C8-ACD6-421E-A2D4-778C4D925C1B}.Debug|Any CPU.ActiveCfg = Debug|Any CPU
		{34FC03C8-ACD6-421E-A2D4-778C4D925C1B}.Debug|Any CPU.Build.0 = Debug|Any CPU
		{34FC03C8-ACD6-421E-A2D4-778C4D925C1B}.Release|Any CPU.ActiveCfg = Release|Any CPU
		{34FC03C8-ACD6-421E-A2D4-778C4D925C1B}.Release|Any CPU.Build.0 = Release|Any CPU
	EndGlobalSection
	GlobalSection(SolutionProperties) = preSolution
		HideSolutionNode = FALSE
	EndGlobalSection
	GlobalSection(ExtensibilityGlobals) = postSolution
		SolutionGuid = {5AFA1316-52BF-4DD0-8D06-28D87183734D}
	EndGlobalSection
EndGlobal
